
Microsoft Visual Studio Solution File, Format Version 12.00
# Visual Studio Version 17
VisualStudioVersion = 17.12.35527.113 d17.12
MinimumVisualStudioVersion = 10.0.40219.1
Project("{FAE04EC0-301F-11D3-BF4B-00C04F79EFBC}") = "AlumnosAPP", "AlumnosAPP\AlumnosAPP.csproj", "{EAFDF3D2-8BBB-4776-AA40-9321DAFD48F2}"
EndProject
Project("{FAE04EC0-301F-11D3-BF4B-00C04F79EFBC}") = "RegistroAlumnos.Modelos", "RegistroAlumnos.Modelos\RegistroAlumnos.Modelos.csproj", "{66AF8E8B-AD1B-4031-A82E-DB315BD70741}"
EndProject
Global
	GlobalSection(SolutionConfigurationPlatforms) = preSolution
		Debug|Any CPU = Debug|Any CPU
		Release|Any CPU = Release|Any CPU
	EndGlobalSection
	GlobalSection(ProjectConfigurationPlatforms) = postSolution
		{EAFDF3D2-8BBB-4776-AA40-9321DAFD48F2}.Debug|Any CPU.ActiveCfg = Debug|Any CPU
		{EAFDF3D2-8BBB-4776-AA40-9321DAFD48F2}.Debug|Any CPU.Build.0 = Debug|Any CPU
		{EAFDF3D2-8BBB-4776-AA40-9321DAFD48F2}.Debug|Any CPU.Deploy.0 = Debug|Any CPU
		{EAFDF3D2-8BBB-4776-AA40-9321DAFD48F2}.Release|Any CPU.ActiveCfg = Release|Any CPU
		{EAFDF3D2-8BBB-4776-AA40-9321DAFD48F2}.Release|Any CPU.Build.0 = Release|Any CPU
		{EAFDF3D2-8BBB-4776-AA40-9321DAFD48F2}.Release|Any CPU.Deploy.0 = Release|Any CPU
		{66AF8E8B-AD1B-4031-A82E-DB315BD70741}.Debug|Any CPU.ActiveCfg = Debug|Any CPU
		{66AF8E8B-AD1B-4031-A82E-DB315BD70741}.Debug|Any CPU.Build.0 = Debug|Any CPU
		{66AF8E8B-AD1B-4031-A82E-DB315BD70741}.Release|Any CPU.ActiveCfg = Release|Any CPU
		{66AF8E8B-AD1B-4031-A82E-DB315BD70741}.Release|Any CPU.Build.0 = Release|Any CPU
	EndGlobalSection
	GlobalSection(SolutionProperties) = preSolution
		HideSolutionNode = FALSE
	EndGlobalSection
EndGlobal
